
Microsoft Visual Studio Solution File, Format Version 12.00
# Visual Studio Version 17
VisualStudioVersion = 17.12.35527.113 d17.12
MinimumVisualStudioVersion = 10.0.40219.1
Project("{FAE04EC0-301F-11D3-BF4B-00C04F79EFBC}") = "DVLD_DataAccess.Core", "DVLD_DataAccess.Core.csproj", "{C5EF43F7-817F-4E42-A05D-8FD4BABF45D8}"
EndProject
Global
	GlobalSection(SolutionConfigurationPlatforms) = preSolution
		Debug|Any CPU = Debug|Any CPU
		Release|Any CPU = Release|Any CPU
	EndGlobalSection
	GlobalSection(ProjectConfigurationPlatforms) = postSolution
		{C5EF43F7-817F-4E42-A05D-8FD4BABF45D8}.Debug|Any CPU.ActiveCfg = Debug|Any CPU
		{C5EF43F7-817F-4E42-A05D-8FD4BABF45D8}.Debug|Any CPU.Build.0 = Debug|Any CPU
		{C5EF43F7-817F-4E42-A05D-8FD4BABF45D8}.Release|Any CPU.ActiveCfg = Release|Any CPU
		{C5EF43F7-817F-4E42-A05D-8FD4BABF45D8}.Release|Any CPU.Build.0 = Release|Any CPU
	EndGlobalSection
	GlobalSection(SolutionProperties) = preSolution
		HideSolutionNode = FALSE
	EndGlobalSection
EndGlobal
