
Microsoft Visual Studio Solution File, Format Version 12.00
# Visual Studio Version 17
VisualStudioVersion = 17.10.35027.167
MinimumVisualStudioVersion = 10.0.40219.1
Project("{FAE04EC0-301F-11D3-BF4B-00C04F79EFBC}") = "DVLD Main", "DVLD Main.csproj", "{EA5A46D4-8BC2-4A11-ABBA-681CA7BA7194}"
EndProject
Project("{FAE04EC0-301F-11D3-BF4B-00C04F79EFBC}") = "Database Layer", "..\Database Layer\Database Layer.csproj", "{60414855-242D-49B2-A932-40BFE6C1F9A9}"
EndProject
Project("{FAE04EC0-301F-11D3-BF4B-00C04F79EFBC}") = "Business Layer", "..\Business Layer\Business Layer.csproj", "{18B4BBCB-13D9-4AFE-97C0-BD6B76AE177D}"
EndProject
Global
	GlobalSection(SolutionConfigurationPlatforms) = preSolution
		Debug|Any CPU = Debug|Any CPU
		Release|Any CPU = Release|Any CPU
	EndGlobalSection
	GlobalSection(ProjectConfigurationPlatforms) = postSolution
		{EA5A46D4-8BC2-4A11-ABBA-681CA7BA7194}.Debug|Any CPU.ActiveCfg = Debug|Any CPU
		{EA5A46D4-8BC2-4A11-ABBA-681CA7BA7194}.Debug|Any CPU.Build.0 = Debug|Any CPU
		{EA5A46D4-8BC2-4A11-ABBA-681CA7BA7194}.Release|Any CPU.ActiveCfg = Release|Any CPU
		{EA5A46D4-8BC2-4A11-ABBA-681CA7BA7194}.Release|Any CPU.Build.0 = Release|Any CPU
		{60414855-242D-49B2-A932-40BFE6C1F9A9}.Debug|Any CPU.ActiveCfg = Debug|Any CPU
		{60414855-242D-49B2-A932-40BFE6C1F9A9}.Debug|Any CPU.Build.0 = Debug|Any CPU
		{60414855-242D-49B2-A932-40BFE6C1F9A9}.Release|Any CPU.ActiveCfg = Release|Any CPU
		{60414855-242D-49B2-A932-40BFE6C1F9A9}.Release|Any CPU.Build.0 = Release|Any CPU
		{18B4BBCB-13D9-4AFE-97C0-BD6B76AE177D}.Debug|Any CPU.ActiveCfg = Debug|Any CPU
		{18B4BBCB-13D9-4AFE-97C0-BD6B76AE177D}.Debug|Any CPU.Build.0 = Debug|Any CPU
		{18B4BBCB-13D9-4AFE-97C0-BD6B76AE177D}.Release|Any CPU.ActiveCfg = Release|Any CPU
		{18B4BBCB-13D9-4AFE-97C0-BD6B76AE177D}.Release|Any CPU.Build.0 = Release|Any CPU
	EndGlobalSection
	GlobalSection(SolutionProperties) = preSolution
		HideSolutionNode = FALSE
	EndGlobalSection
	GlobalSection(ExtensibilityGlobals) = postSolution
		SolutionGuid = {B2CA75BA-EE05-4F35-AA30-BBE2BA7C7B02}
	EndGlobalSection
EndGlobal
